{
  "version": "5",
  "specifiers": {
    "jsr:@marianmeres/pubsub@^2.4.5": "2.4.5",
    "jsr:@marianmeres/store@^2.4.3": "2.4.3",
    "jsr:@std/assert@^1.0.17": "1.0.17",
    "jsr:@std/fs@^1.0.22": "1.0.22",
    "jsr:@std/internal@^1.0.12": "1.0.12",
    "jsr:@std/path@^1.1.4": "1.1.4",
    "npm:@types/node@*": "24.2.0"
  },
  "jsr": {
    "@marianmeres/pubsub@2.4.5": {
      "integrity": "9050392e5bcbf5fb0210e2c61fcfa7bb23c9e7ca3d9c43f5d16033f53ba0d130"
    },
    "@marianmeres/store@2.4.3": {
      "integrity": "b1e95e6018d2033123e3c8d301c268a54e0f0cfa2f712bcc563ce34ccba83ead",
      "dependencies": [
        "jsr:@marianmeres/pubsub"
      ]
    },
    "@std/assert@1.0.17": {
      "integrity": "df5ebfffe77c03b3fa1401e11c762cc8f603d51021c56c4d15a8c7ab45e90dbe",
      "dependencies": [
        "jsr:@std/internal"
      ]
    },
    "@std/fs@1.0.22": {
      "integrity": "de0f277a58a867147a8a01bc1b181d0dfa80bfddba8c9cf2bacd6747bcec9308",
      "dependencies": [
        "jsr:@std/internal",
        "jsr:@std/path"
      ]
    },
    "@std/internal@1.0.12": {
      "integrity": "972a634fd5bc34b242024402972cd5143eac68d8dffaca5eaa4dba30ce17b027"
    },
    "@std/path@1.1.4": {
      "integrity": "1d2d43f39efb1b42f0b1882a25486647cb851481862dc7313390b2bb044314b5",
      "dependencies": [
        "jsr:@std/internal"
      ]
    }
  },
  "npm": {
    "@types/node@24.2.0": {
      "integrity": "sha512-3xyG3pMCq3oYCNg7/ZP+E1ooTaGB4cG8JWRsqqOYQdbWNY4zbaV0Ennrd7stjiJEFZCaybcIgpTjJWHRfBSIDw==",
      "dependencies": [
        "undici-types"
      ]
    },
    "undici-types@7.10.0": {
      "integrity": "sha512-t5Fy/nfn+14LuOc2KNYg75vZqClpAiqscVvMygNnlsHBFpSXdJaYtXMcdNLpl/Qvc3P2cB3s6lOV51nqsFq4ag=="
    }
  },
  "workspace": {
    "dependencies": [
      "jsr:@marianmeres/pubsub@^2.4.5",
      "jsr:@marianmeres/store@^2.4.3",
      "jsr:@std/assert@^1.0.17",
      "jsr:@std/fs@^1.0.22",
      "jsr:@std/path@^1.1.4"
    ]
  }
}
